
Microsoft Visual Studio Solution File, Format Version 12.00
# Visual Studio Version 16
VisualStudioVersion = 16.0.28803.916
MinimumVisualStudioVersion = 10.0.40219.1
Project("{FAE04EC0-301F-11D3-BF4B-00C04F79EFBC}") = "Exer015", "Exer015\Exer015.csproj", "{6F11CDAA-CB00-43C9-86E2-ABC1E6DC6784}"
EndProject
Global
	GlobalSection(SolutionConfigurationPlatforms) = preSolution
		Debug|Any CPU = Debug|Any CPU
		Release|Any CPU = Release|Any CPU
	EndGlobalSection
	GlobalSection(ProjectConfigurationPlatforms) = postSolution
		{6F11CDAA-CB00-43C9-86E2-ABC1E6DC6784}.Debug|Any CPU.ActiveCfg = Debug|Any CPU
		{6F11CDAA-CB00-43C9-86E2-ABC1E6DC6784}.Debug|Any CPU.Build.0 = Debug|Any CPU
		{6F11CDAA-CB00-43C9-86E2-ABC1E6DC6784}.Release|Any CPU.ActiveCfg = Release|Any CPU
		{6F11CDAA-CB00-43C9-86E2-ABC1E6DC6784}.Release|Any CPU.Build.0 = Release|Any CPU
	EndGlobalSection
	GlobalSection(SolutionProperties) = preSolution
		HideSolutionNode = FALSE
	EndGlobalSection
	GlobalSection(ExtensibilityGlobals) = postSolution
		SolutionGuid = {C74139FC-9F6E-4519-BE68-4B193348EE62}
	EndGlobalSection
EndGlobal
